github.com/svenwal/pulp-solarized v0.0.0-20210714174831-d31b3503ac7b h1:9NSs3H2MvG+W7SRXdFHcLk4WvoO/L1DAaT9FAHGPzvA=
github.com/svenwal/pulp-solarized v0.0.0-20210714174831-d31b3503ac7b/go.mod h1:eyNwG/FNTP69GNeHFovb7ELaOqUd9pAd2ynm3daSsD4=
github.com/svenwal/pulp-solarized v0.0.0-20250314084314-affe694a0f8c h1:pUWoCYU6j8XICHrr9Z0n4zfgh/4id9Rlq60mpCAgbBA=
github.com/svenwal/pulp-solarized v0.0.0-20250314084314-affe694a0f8c/go.mod h1:eyNwG/FNTP69GNeHFovb7ELaOqUd9pAd2ynm3daSsD4=
